
Microsoft Visual Studio Solution File, Format Version 12.00
# Visual Studio 15
Project("{FAE04EC0-301F-11D3-BF4B-00C04F79EFBC}") = "NotificationService", "NotificationService\NotificationService.csproj", "{22355CA9-1FFC-4D7F-86AB-F7629749A204}"
EndProject
Project("{E53339B2-1760-4266-BCC7-CA923CBCF16C}") = "docker-compose", "docker-compose.dcproj", "{1D8212B4-B016-4952-90E0-E5C353520440}"
EndProject
Global
	GlobalSection(SolutionConfigurationPlatforms) = preSolution
		Debug|Any CPU = Debug|Any CPU
		Release|Any CPU = Release|Any CPU
	EndGlobalSection
	GlobalSection(ProjectConfigurationPlatforms) = postSolution
		{22355CA9-1FFC-4D7F-86AB-F7629749A204}.Debug|Any CPU.ActiveCfg = Debug|Any CPU
		{22355CA9-1FFC-4D7F-86AB-F7629749A204}.Debug|Any CPU.Build.0 = Debug|Any CPU
		{22355CA9-1FFC-4D7F-86AB-F7629749A204}.Release|Any CPU.ActiveCfg = Release|Any CPU
		{22355CA9-1FFC-4D7F-86AB-F7629749A204}.Release|Any CPU.Build.0 = Release|Any CPU
		{1D8212B4-B016-4952-90E0-E5C353520440}.Debug|Any CPU.ActiveCfg = Debug|Any CPU
		{1D8212B4-B016-4952-90E0-E5C353520440}.Debug|Any CPU.Build.0 = Debug|Any CPU
		{1D8212B4-B016-4952-90E0-E5C353520440}.Release|Any CPU.ActiveCfg = Release|Any CPU
		{1D8212B4-B016-4952-90E0-E5C353520440}.Release|Any CPU.Build.0 = Release|Any CPU
	EndGlobalSection
EndGlobal
